
Microsoft Visual Studio Solution File, Format Version 12.00
# Visual Studio 15
VisualStudioVersion = 15.0.27703.2042
MinimumVisualStudioVersion = 10.0.40219.1
Project("{FAE04EC0-301F-11D3-BF4B-00C04F79EFBC}") = "TilesGame", "TilesGame\TilesGame.csproj", "{F713D719-2963-4432-BFC0-3DD7A72B0150}"
EndProject
Project("{FAE04EC0-301F-11D3-BF4B-00C04F79EFBC}") = "TilesGameLib", "TilesGameLib\TilesGameLib.csproj", "{22A7B4DC-1EB4-4D36-9F73-F390E8621280}"
EndProject
Global
	GlobalSection(SolutionConfigurationPlatforms) = preSolution
		Debug|Any CPU = Debug|Any CPU
		Release|Any CPU = Release|Any CPU
	EndGlobalSection
	GlobalSection(ProjectConfigurationPlatforms) = postSolution
		{F713D719-2963-4432-BFC0-3DD7A72B0150}.Debug|Any CPU.ActiveCfg = Debug|Any CPU
		{F713D719-2963-4432-BFC0-3DD7A72B0150}.Debug|Any CPU.Build.0 = Debug|Any CPU
		{F713D719-2963-4432-BFC0-3DD7A72B0150}.Release|Any CPU.ActiveCfg = Release|Any CPU
		{F713D719-2963-4432-BFC0-3DD7A72B0150}.Release|Any CPU.Build.0 = Release|Any CPU
		{22A7B4DC-1EB4-4D36-9F73-F390E8621280}.Debug|Any CPU.ActiveCfg = Debug|Any CPU
		{22A7B4DC-1EB4-4D36-9F73-F390E8621280}.Debug|Any CPU.Build.0 = Debug|Any CPU
		{22A7B4DC-1EB4-4D36-9F73-F390E8621280}.Release|Any CPU.ActiveCfg = Release|Any CPU
		{22A7B4DC-1EB4-4D36-9F73-F390E8621280}.Release|Any CPU.Build.0 = Release|Any CPU
	EndGlobalSection
	GlobalSection(SolutionProperties) = preSolution
		HideSolutionNode = FALSE
	EndGlobalSection
	GlobalSection(ExtensibilityGlobals) = postSolution
		SolutionGuid = {EADC8DA1-EFFD-49F9-8141-6B626E3D8794}
	EndGlobalSection
EndGlobal
